
Microsoft Visual Studio Solution File, Format Version 12.00
# Visual Studio Version 16
VisualStudioVersion = 16.0.30320.27
MinimumVisualStudioVersion = 10.0.40219.1
Project("{FAE04EC0-301F-11D3-BF4B-00C04F79EFBC}") = "MPM_neironet", "MPM_neironet\MPM_neironet.csproj", "{04BA0800-6EE7-4A3E-8064-272AF99C2DE5}"
EndProject
Global
	GlobalSection(SolutionConfigurationPlatforms) = preSolution
		Debug|Any CPU = Debug|Any CPU
		Release|Any CPU = Release|Any CPU
	EndGlobalSection
	GlobalSection(ProjectConfigurationPlatforms) = postSolution
		{04BA0800-6EE7-4A3E-8064-272AF99C2DE5}.Debug|Any CPU.ActiveCfg = Debug|Any CPU
		{04BA0800-6EE7-4A3E-8064-272AF99C2DE5}.Debug|Any CPU.Build.0 = Debug|Any CPU
		{04BA0800-6EE7-4A3E-8064-272AF99C2DE5}.Release|Any CPU.ActiveCfg = Release|Any CPU
		{04BA0800-6EE7-4A3E-8064-272AF99C2DE5}.Release|Any CPU.Build.0 = Release|Any CPU
	EndGlobalSection
	GlobalSection(SolutionProperties) = preSolution
		HideSolutionNode = FALSE
	EndGlobalSection
	GlobalSection(ExtensibilityGlobals) = postSolution
		SolutionGuid = {1E753FE0-0E4C-4630-ABBE-2D0D33F9238F}
	EndGlobalSection
EndGlobal
